
Microsoft Visual Studio Solution File, Format Version 12.00
# Visual Studio 2012
Project("{FAE04EC0-301F-11D3-BF4B-00C04F79EFBC}") = "QA", "test\QA\QA.csproj", "{FE53231C-7507-4692-85B1-96D4ADF5263E}"
EndProject
Project("{FAE04EC0-301F-11D3-BF4B-00C04F79EFBC}") = "SolidEdge.Community.Reader", "src\SolidEdge.Community.Reader\SolidEdge.Community.Reader.csproj", "{939134A8-AAD3-4AF7-B054-EB483DC7D719}"
EndProject
Global
	GlobalSection(SolutionConfigurationPlatforms) = preSolution
		Debug|Any CPU = Debug|Any CPU
		Release|Any CPU = Release|Any CPU
	EndGlobalSection
	GlobalSection(ProjectConfigurationPlatforms) = postSolution
		{FE53231C-7507-4692-85B1-96D4ADF5263E}.Debug|Any CPU.ActiveCfg = Debug|Any CPU
		{FE53231C-7507-4692-85B1-96D4ADF5263E}.Debug|Any CPU.Build.0 = Debug|Any CPU
		{FE53231C-7507-4692-85B1-96D4ADF5263E}.Release|Any CPU.ActiveCfg = Release|Any CPU
		{FE53231C-7507-4692-85B1-96D4ADF5263E}.Release|Any CPU.Build.0 = Release|Any CPU
		{939134A8-AAD3-4AF7-B054-EB483DC7D719}.Debug|Any CPU.ActiveCfg = Debug|Any CPU
		{939134A8-AAD3-4AF7-B054-EB483DC7D719}.Debug|Any CPU.Build.0 = Debug|Any CPU
		{939134A8-AAD3-4AF7-B054-EB483DC7D719}.Release|Any CPU.ActiveCfg = Release|Any CPU
		{939134A8-AAD3-4AF7-B054-EB483DC7D719}.Release|Any CPU.Build.0 = Release|Any CPU
	EndGlobalSection
	GlobalSection(SolutionProperties) = preSolution
		HideSolutionNode = FALSE
	EndGlobalSection
EndGlobal
